// !$*UTF8*$!
{
	archiveVersion = 1;
	classes = {
	};
	objectVersion = 50;
	objects = {

/* Begin PBXBuildFile section */
		E7094A9226407EBC008CB0FA /* Label.swift in Sources */ = {isa = PBXBuildFile; fileRef = E7094A9126407EBC008CB0FA /* Label.swift */; };
		E7B70CA82641747C0077EECB /* ImageLabel.swift in Sources */ = {isa = PBXBuildFile; fileRef = E7B70CA72641747C0077EECB /* ImageLabel.swift */; };
		E7B70CAB264176A10077EECB /* Image.swift in Sources */ = {isa = PBXBuildFile; fileRef = E7B70CAA264176A10077EECB /* Image.swift */; };
		E7D192A6264019BE00D257FE /* AppDelegate.swift in Sources */ = {isa = PBXBuildFile; fileRef = E7D192A5264019BE00D257FE /* AppDelegate.swift */; };
		E7D192A8264019BE00D257FE /* SceneDelegate.swift in Sources */ = {isa = PBXBuildFile; fileRef = E7D192A7264019BE00D257FE /* SceneDelegate.swift */; };
		E7D192AA264019BE00D257FE /* ViewController.swift in Sources */ = {isa = PBXBuildFile; fileRef = E7D192A9264019BE00D257FE /* ViewController.swift */; };
		E7D192AD264019BE00D257FE /* Main.storyboard in Resources */ = {isa = PBXBuildFile; fileRef = E7D192AB264019BE00D257FE /* Main.storyboard */; };
		E7D192AF264019C000D257FE /* Assets.xcassets in Resources */ = {isa = PBXBuildFile; fileRef = E7D192AE264019C000D257FE /* Assets.xcassets */; };
		E7D192B2264019C000D257FE /* LaunchScreen.storyboard in Resources */ = {isa = PBXBuildFile; fileRef = E7D192B0264019C000D257FE /* LaunchScreen.storyboard */; };
		E7D192BB264019D900D257FE /* ImageTextView.swift in Sources */ = {isa = PBXBuildFile; fileRef = E7D192BA264019D900D257FE /* ImageTextView.swift */; };
/* End PBXBuildFile section */

/* Begin PBXFileReference section */
		E7094A9126407EBC008CB0FA /* Label.swift */ = {isa = PBXFileReference; lastKnownFileType = sourcecode.swift; path = Label.swift; sourceTree = "<group>"; };
		E7B70CA72641747C0077EECB /* ImageLabel.swift */ = {isa = PBXFileReference; lastKnownFileType = sourcecode.swift; path = ImageLabel.swift; sourceTree = "<group>"; };
		E7B70CAA264176A10077EECB /* Image.swift */ = {isa = PBXFileReference; lastKnownFileType = sourcecode.swift; path = Image.swift; sourceTree = "<group>"; };
		E7D192A2264019BE00D257FE /* imageTextView.app */ = {isa = PBXFileReference; explicitFileType = wrapper.application; includeInIndex = 0; path = imageTextView.app; sourceTree = BUILT_PRODUCTS_DIR; };
		E7D192A5264019BE00D257FE /* AppDelegate.swift */ = {isa = PBXFileReference; lastKnownFileType = sourcecode.swift; path = AppDelegate.swift; sourceTree = "<group>"; };
		E7D192A7264019BE00D257FE /* SceneDelegate.swift */ = {isa = PBXFileReference; lastKnownFileType = sourcecode.swift; path = SceneDelegate.swift; sourceTree = "<group>"; };
		E7D192A9264019BE00D257FE /* ViewController.swift */ = {isa = PBXFileReference; lastKnownFileType = sourcecode.swift; path = ViewController.swift; sourceTree = "<group>"; };
		E7D192AC264019BE00D257FE /* Base */ = {isa = PBXFileReference; lastKnownFileType = file.storyboard; name = Base; path = Base.lproj/Main.storyboard; sourceTree = "<group>"; };
		E7D192AE264019C000D257FE /* Assets.xcassets */ = {isa = PBXFileReference; lastKnownFileType = folder.assetcatalog; path = Assets.xcassets; sourceTree = "<group>"; };
		E7D192B1264019C000D257FE /* Base */ = {isa = PBXFileReference; lastKnownFileType = file.storyboard; name = Base; path = Base.lproj/LaunchScreen.storyboard; sourceTree = "<group>"; };
		E7D192B3264019C000D257FE /* Info.plist */ = {isa = PBXFileReference; lastKnownFileType = text.plist.xml; path = Info.plist; sourceTree = "<group>"; };
		E7D192BA264019D900D257FE /* ImageTextView.swift */ = {isa = PBXFileReference; lastKnownFileType = sourcecode.swift; path = ImageTextView.swift; sourceTree = "<group>"; };
/* End PBXFileReference section */

/* Begin PBXFrameworksBuildPhase section */
		E7D1929F264019BE00D257FE /* Frameworks */ = {
			isa = PBXFrameworksBuildPhase;
			buildActionMask = 2147483647;
			files = (
			);
			runOnlyForDeploymentPostprocessing = 0;
		};
/* End PBXFrameworksBuildPhase section */

/* Begin PBXGroup section */
		E7B70CA9264176950077EECB /* New Group */ = {
			isa = PBXGroup;
			children = (
			);
			path = "New Group";
			sourceTree = "<group>";
		};
		E7D19299264019BE00D257FE = {
			isa = PBXGroup;
			children = (
				E7D192A4264019BE00D257FE /* imageTextView */,
				E7D192A3264019BE00D257FE /* Products */,
			);
			sourceTree = "<group>";
		};
		E7D192A3264019BE00D257FE /* Products */ = {
			isa = PBXGroup;
			children = (
				E7D192A2264019BE00D257FE /* imageTextView.app */,
			);
			name = Products;
			sourceTree = "<group>";
		};
		E7D192A4264019BE00D257FE /* imageTextView */ = {
			isa = PBXGroup;
			children = (
				E7B70CA9264176950077EECB /* New Group */,
				E7D192A5264019BE00D257FE /* AppDelegate.swift */,
				E7D192A7264019BE00D257FE /* SceneDelegate.swift */,
				E7D192A9264019BE00D257FE /* ViewController.swift */,
				E7D192AB264019BE00D257FE /* Main.storyboard */,
				E7D192AE264019C000D257FE /* Assets.xcassets */,
				E7D192B0264019C000D257FE /* LaunchScreen.storyboard */,
				E7D192B3264019C000D257FE /* Info.plist */,
				E7D192BA264019D900D257FE /* ImageTextView.swift */,
				E7094A9126407EBC008CB0FA /* Label.swift */,
				E7B70CA72641747C0077EECB /* ImageLabel.swift */,
				E7B70CAA264176A10077EECB /* Image.swift */,
			);
			path = imageTextView;
			sourceTree = "<group>";
		};
/* End PBXGroup section */

/* Begin PBXNativeTarget section */
		E7D192A1264019BE00D257FE /* imageTextView */ = {
			isa = PBXNativeTarget;
			buildConfigurationList = E7D192B6264019C000D257FE /* Build configuration list for PBXNativeTarget "imageTextView" */;
			buildPhases = (
				E7D1929E264019BE00D257FE /* Sources */,
				E7D1929F264019BE00D257FE /* Frameworks */,
				E7D192A0264019BE00D257FE /* Resources */,
			);
			buildRules = (
			);
			dependencies = (
			);
			name = imageTextView;
			productName = imageTextView;
			productReference = E7D192A2264019BE00D257FE /* imageTextView.app */;
			productType = "com.apple.product-type.application";
		};
/* End PBXNativeTarget section */

/* Begin PBXProject section */
		E7D1929A264019BE00D257FE /* Project object */ = {
			isa = PBXProject;
			attributes = {
				LastSwiftUpdateCheck = 1240;
				LastUpgradeCheck = 1240;
				TargetAttributes = {
					E7D192A1264019BE00D257FE = {
						CreatedOnToolsVersion = 12.4;
					};
				};
			};
			buildConfigurationList = E7D1929D264019BE00D257FE /* Build configuration list for PBXProject "imageTextView" */;
			compatibilityVersion = "Xcode 9.3";
			developmentRegion = en;
			hasScannedForEncodings = 0;
			knownRegions = (
				en,
				Base,
			);
			mainGroup = E7D19299264019BE00D257FE;
			productRefGroup = E7D192A3264019BE00D257FE /* Products */;
			projectDirPath = "";
			projectRoot = "";
			targets = (
				E7D192A1264019BE00D257FE /* imageTextView */,
			);
		};
/* End PBXProject section */

/* Begin PBXResourcesBuildPhase section */
		E7D192A0264019BE00D257FE /* Resources */ = {
			isa = PBXResourcesBuildPhase;
			buildActionMask = 2147483647;
			files = (
				E7D192B2264019C000D257FE /* LaunchScreen.storyboard in Resources */,
				E7D192AF264019C000D257FE /* Assets.xcassets in Resources */,
				E7D192AD264019BE00D257FE /* Main.storyboard in Resources */,
			);
			runOnlyForDeploymentPostprocessing = 0;
		};
/* End PBXResourcesBuildPhase section */

/* Begin PBXSourcesBuildPhase section */
		E7D1929E264019BE00D257FE /* Sources */ = {
			isa = PBXSourcesBuildPhase;
			buildActionMask = 2147483647;
			files = (
				E7B70CAB264176A10077EECB /* Image.swift in Sources */,
				E7D192AA264019BE00D257FE /* ViewController.swift in Sources */,
				E7D192BB264019D900D257FE /* ImageTextView.swift in Sources */,
				E7B70CA82641747C0077EECB /* ImageLabel.swift in Sources */,
				E7D192A6264019BE00D257FE /* AppDelegate.swift in Sources */,
				E7094A9226407EBC008CB0FA /* Label.swift in Sources */,
				E7D192A8264019BE00D257FE /* SceneDelegate.swift in Sources */,
			);
			runOnlyForDeploymentPostprocessing = 0;
		};
/* End PBXSourcesBuildPhase section */

/* Begin PBXVariantGroup section */
		E7D192AB264019BE00D257FE /* Main.storyboard */ = {
			isa = PBXVariantGroup;
			children = (
				E7D192AC264019BE00D257FE /* Base */,
			);
			name = Main.storyboard;
			sourceTree = "<group>";
		};
		E7D192B0264019C000D257FE /* LaunchScreen.storyboard */ = {
			isa = PBXVariantGroup;
			children = (
				E7D192B1264019C000D257FE /* Base */,
			);
			name = LaunchScreen.storyboard;
			sourceTree = "<group>";
		};
/* End PBXVariantGroup section */

/* Begin XCBuildConfiguration section */
		E7D192B4264019C000D257FE /* Debug */ = {
			isa = XCBuildConfiguration;
			buildSettings = {
				ALWAYS_SEARCH_USER_PATHS = NO;
				CLANG_ANALYZER_NONNULL = YES;
				CLANG_ANALYZER_NUMBER_OBJECT_CONVERSION = YES_AGGRESSIVE;
				CLANG_CXX_LANGUAGE_STANDARD = "gnu++14";
				CLANG_CXX_LIBRARY = "libc++";
				CLANG_ENABLE_MODULES = YES;
				CLANG_ENABLE_OBJC_ARC = YES;
				CLANG_ENABLE_OBJC_WEAK = YES;
				CLANG_WARN_BLOCK_CAPTURE_AUTORELEASING = YES;
				CLANG_WARN_BOOL_CONVERSION = YES;
				CLANG_WARN_COMMA = YES;
				CLANG_WARN_CONSTANT_CONVERSION = YES;
				CLANG_WARN_DEPRECATED_OBJC_IMPLEMENTATIONS = YES;
				CLANG_WARN_DIRECT_OBJC_ISA_USAGE = YES_ERROR;
				CLANG_WARN_DOCUMENTATION_COMMENTS = YES;
				CLANG_WARN_EMPTY_BODY = YES;
				CLANG_WARN_ENUM_CONVERSION = YES;
				CLANG_WARN_INFINITE_RECURSION = YES;
				CLANG_WARN_INT_CONVERSION = YES;
				CLANG_WARN_NON_LITERAL_NULL_CONVERSION = YES;
				CLANG_WARN_OBJC_IMPLICIT_RETAIN_SELF = YES;
				CLANG_WARN_OBJC_LITERAL_CONVERSION = YES;
				CLANG_WARN_OBJC_ROOT_CLASS = YES_ERROR;
				CLANG_WARN_QUOTED_INCLUDE_IN_FRAMEWORK_HEADER = YES;
				CLANG_WARN_RANGE_LOOP_ANALYSIS = YES;
				CLANG_WARN_STRICT_PROTOTYPES = YES;
				CLANG_WARN_SUSPICIOUS_MOVE = YES;
				CLANG_WARN_UNGUARDED_AVAILABILITY = YES_AGGRESSIVE;
				CLANG_WARN_UNREACHABLE_CODE = YES;
				CLANG_WARN__DUPLICATE_METHOD_MATCH = YES;
				COPY_PHASE_STRIP = NO;
				DEBUG_INFORMATION_FORMAT = dwarf;
				ENABLE_STRICT_OBJC_MSGSEND = YES;
				ENABLE_TESTABILITY = YES;
				GCC_C_LANGUAGE_STANDARD = gnu11;
				GCC_DYNAMIC_NO_PIC = NO;
				GCC_NO_COMMON_BLOCKS = YES;
				GCC_OPTIMIZATION_LEVEL = 0;
				GCC_PREPROCESSOR_DEFINITIONS = (
					"DEBUG=1",
					"$(inherited)",
				);
				GCC_WARN_64_TO_32_BIT_CONVERSION = YES;
				GCC_WARN_ABOUT_RETURN_TYPE = YES_ERROR;
				GCC_WARN_UNDECLARED_SELECTOR = YES;
				GCC_WARN_UNINITIALIZED_AUTOS = YES_AGGRESSIVE;
				GCC_WARN_UNUSED_FUNCTION = YES;
				GCC_WARN_UNUSED_VARIABLE = YES;
				IPHONEOS_DEPLOYMENT_TARGET = 14.4;
				MTL_ENABLE_DEBUG_INFO = INCLUDE_SOURCE;
				MTL_FAST_MATH = YES;
				ONLY_ACTIVE_ARCH = YES;
				SDKROOT = iphoneos;
				SWIFT_ACTIVE_COMPILATION_CONDITIONS = DEBUG;
				SWIFT_OPTIMIZATION_LEVEL = "-Onone";
			};
			name = Debug;
		};
		E7D192B5264019C000D257FE /* Release */ = {
			isa = XCBuildConfiguration;
			buildSettings = {
				ALWAYS_SEARCH_USER_PATHS = NO;
				CLANG_ANALYZER_NONNULL = YES;
				CLANG_ANALYZER_NUMBER_OBJECT_CONVERSION = YES_AGGRESSIVE;
				CLANG_CXX_LANGUAGE_STANDARD = "gnu++14";
				CLANG_CXX_LIBRARY = "libc++";
				CLANG_ENABLE_MODULES = YES;
				CLANG_ENABLE_OBJC_ARC = YES;
				CLANG_ENABLE_OBJC_WEAK = YES;
				CLANG_WARN_BLOCK_CAPTURE_AUTORELEASING = YES;
				CLANG_WARN_BOOL_CONVERSION = YES;
				CLANG_WARN_COMMA = YES;
				CLANG_WARN_CONSTANT_CONVERSION = YES;
				CLANG_WARN_DEPRECATED_OBJC_IMPLEMENTATIONS = YES;
				CLANG_WARN_DIRECT_OBJC_ISA_USAGE = YES_ERROR;
				CLANG_WARN_DOCUMENTATION_COMMENTS = YES;
				CLANG_WARN_EMPTY_BODY = YES;
				CLANG_WARN_ENUM_CONVERSION = YES;
				CLANG_WARN_INFINITE_RECURSION = YES;
				CLANG_WARN_INT_CONVERSION = YES;
				CLANG_WARN_NON_LITERAL_NULL_CONVERSION = YES;
				CLANG_WARN_OBJC_IMPLICIT_RETAIN_SELF = YES;
				CLANG_WARN_OBJC_LITERAL_CONVERSION = YES;
				CLANG_WARN_OBJC_ROOT_CLASS = YES_ERROR;
				CLANG_WARN_QUOTED_INCLUDE_IN_FRAMEWORK_HEADER = YES;
				CLANG_WARN_RANGE_LOOP_ANALYSIS = YES;
				CLANG_WARN_STRICT_PROTOTYPES = YES;
				CLANG_WARN_SUSPICIOUS_MOVE = YES;
				CLANG_WARN_UNGUARDED_AVAILABILITY = YES_AGGRESSIVE;
				CLANG_WARN_UNREACHABLE_CODE = YES;
				CLANG_WARN__DUPLICATE_METHOD_MATCH = YES;
				COPY_PHASE_STRIP = NO;
				DEBUG_INFORMATION_FORMAT = "dwarf-with-dsym";
				ENABLE_NS_ASSERTIONS = NO;
				ENABLE_STRICT_OBJC_MSGSEND = YES;
				GCC_C_LANGUAGE_STANDARD = gnu11;
				GCC_NO_COMMON_BLOCKS = YES;
				GCC_WARN_64_TO_32_BIT_CONVERSION = YES;
				GCC_WARN_ABOUT_RETURN_TYPE = YES_ERROR;
				GCC_WARN_UNDECLARED_SELECTOR = YES;
				GCC_WARN_UNINITIALIZED_AUTOS = YES_AGGRESSIVE;
				GCC_WARN_UNUSED_FUNCTION = YES;
				GCC_WARN_UNUSED_VARIABLE = YES;
				IPHONEOS_DEPLOYMENT_TARGET = 14.4;
				MTL_ENABLE_DEBUG_INFO = NO;
				MTL_FAST_MATH = YES;
				SDKROOT = iphoneos;
				SWIFT_COMPILATION_MODE = wholemodule;
				SWIFT_OPTIMIZATION_LEVEL = "-O";
				VALIDATE_PRODUCT = YES;
			};
			name = Release;
		};
		E7D192B7264019C000D257FE /* Debug */ = {
			isa = XCBuildConfiguration;
			buildSettings = {
				ASSETCATALOG_COMPILER_APPICON_NAME = AppIcon;
				ASSETCATALOG_COMPILER_GLOBAL_ACCENT_COLOR_NAME = AccentColor;
				CODE_SIGN_STYLE = Automatic;
				INFOPLIST_FILE = imageTextView/Info.plist;
				LD_RUNPATH_SEARCH_PATHS = (
					"$(inherited)",
					"@executable_path/Frameworks",
				);
				PRODUCT_BUNDLE_IDENTIFIER = gomesproductions.imageTextView;
				PRODUCT_NAME = "$(TARGET_NAME)";
				SWIFT_VERSION = 5.0;
				TARGETED_DEVICE_FAMILY = "1,2";
			};
			name = Debug;
		};
		E7D192B8264019C000D257FE /* Release */ = {
			isa = XCBuildConfiguration;
			buildSettings = {
				ASSETCATALOG_COMPILER_APPICON_NAME = AppIcon;
				ASSETCATALOG_COMPILER_GLOBAL_ACCENT_COLOR_NAME = AccentColor;
				CODE_SIGN_STYLE = Automatic;
				INFOPLIST_FILE = imageTextView/Info.plist;
				LD_RUNPATH_SEARCH_PATHS = (
					"$(inherited)",
					"@executable_path/Frameworks",
				);
				PRODUCT_BUNDLE_IDENTIFIER = gomesproductions.imageTextView;
				PRODUCT_NAME = "$(TARGET_NAME)";
				SWIFT_VERSION = 5.0;
				TARGETED_DEVICE_FAMILY = "1,2";
			};
			name = Release;
		};
/* End XCBuildConfiguration section */

/* Begin XCConfigurationList section */
		E7D1929D264019BE00D257FE /* Build configuration list for PBXProject "imageTextView" */ = {
			isa = XCConfigurationList;
			buildConfigurations = (
				E7D192B4264019C000D257FE /* Debug */,
				E7D192B5264019C000D257FE /* Release */,
			);
			defaultConfigurationIsVisible = 0;
			defaultConfigurationName = Release;
		};
		E7D192B6264019C000D257FE /* Build configuration list for PBXNativeTarget "imageTextView" */ = {
			isa = XCConfigurationList;
			buildConfigurations = (
				E7D192B7264019C000D257FE /* Debug */,
				E7D192B8264019C000D257FE /* Release */,
			);
			defaultConfigurationIsVisible = 0;
			defaultConfigurationName = Release;
		};
/* End XCConfigurationList section */
	};
	rootObject = E7D1929A264019BE00D257FE /* Project object */;
}
